
Microsoft Visual Studio Solution File, Format Version 12.00
# Visual Studio Version 16
VisualStudioVersion = 16.0.29806.167
MinimumVisualStudioVersion = 10.0.40219.1
Project("{FAE04EC0-301F-11D3-BF4B-00C04F79EFBC}") = "JsonClassGenerator", "JsonClassGenerator.csproj", "{A7442683-2415-4DD4-9C52-824F7AF89ABC}"
EndProject
Project("{FAE04EC0-301F-11D3-BF4B-00C04F79EFBC}") = "JsonClassGeneratorLib", "JsonCSharpClassGeneratorLib\JsonClassGeneratorLib.csproj", "{7BEF7EAA-DE37-40FB-BD33-3DEF0685031F}"
EndProject
Project("{FAE04EC0-301F-11D3-BF4B-00C04F79EFBC}") = "JsonClassGeneratorConsole", "JsonClassGeneratorConsole\JsonClassGeneratorConsole.csproj", "{64B9000F-D996-4B46-A61E-398DC1CB90A5}"
EndProject
Global
	GlobalSection(SolutionConfigurationPlatforms) = preSolution
		Debug|Any CPU = Debug|Any CPU
		Release|Any CPU = Release|Any CPU
	EndGlobalSection
	GlobalSection(ProjectConfigurationPlatforms) = postSolution
		{A7442683-2415-4DD4-9C52-824F7AF89ABC}.Debug|Any CPU.ActiveCfg = Debug|Any CPU
		{A7442683-2415-4DD4-9C52-824F7AF89ABC}.Debug|Any CPU.Build.0 = Debug|Any CPU
		{A7442683-2415-4DD4-9C52-824F7AF89ABC}.Release|Any CPU.ActiveCfg = Release|Any CPU
		{A7442683-2415-4DD4-9C52-824F7AF89ABC}.Release|Any CPU.Build.0 = Release|Any CPU
		{7BEF7EAA-DE37-40FB-BD33-3DEF0685031F}.Debug|Any CPU.ActiveCfg = Debug|Any CPU
		{7BEF7EAA-DE37-40FB-BD33-3DEF0685031F}.Debug|Any CPU.Build.0 = Debug|Any CPU
		{7BEF7EAA-DE37-40FB-BD33-3DEF0685031F}.Release|Any CPU.ActiveCfg = Release|Any CPU
		{7BEF7EAA-DE37-40FB-BD33-3DEF0685031F}.Release|Any CPU.Build.0 = Release|Any CPU
		{64B9000F-D996-4B46-A61E-398DC1CB90A5}.Debug|Any CPU.ActiveCfg = Debug|Any CPU
		{64B9000F-D996-4B46-A61E-398DC1CB90A5}.Debug|Any CPU.Build.0 = Debug|Any CPU
		{64B9000F-D996-4B46-A61E-398DC1CB90A5}.Release|Any CPU.ActiveCfg = Release|Any CPU
		{64B9000F-D996-4B46-A61E-398DC1CB90A5}.Release|Any CPU.Build.0 = Release|Any CPU
	EndGlobalSection
	GlobalSection(SolutionProperties) = preSolution
		HideSolutionNode = FALSE
	EndGlobalSection
	GlobalSection(ExtensibilityGlobals) = postSolution
		SolutionGuid = {FBF5167F-3643-48F4-B1FC-6CF1BE118A20}
	EndGlobalSection
EndGlobal
